Microsoft Visual Studio Solution File, Format Version 11.00
# Visual Studio 2008

Project("{27E1371A-145D-8A6D-8455-D41D4C5EC4AF}") = "Gridbased Test", "Assembly-CSharp.csproj", "{C78D138C-9992-8CBA-5D03-2633D4A5F4C8}"
EndProject
Project("{27E1371A-145D-8A6D-8455-D41D4C5EC4AF}") = "Gridbased Test", "Assembly-CSharp-Editor.csproj", "{B28DAB69-5B0D-809C-5A27-837647CF9AB9}"
EndProject
Global
	GlobalSection(SolutionConfigurationPlatforms) = preSolution
		Debug|Any CPU = Debug|Any CPU
		Release|Any CPU = Release|Any CPU
	EndGlobalSection
	GlobalSection(ProjectConfigurationPlatforms) = postSolution
		{C78D138C-9992-8CBA-5D03-2633D4A5F4C8}.Debug|Any CPU.ActiveCfg = Debug|Any CPU
		{C78D138C-9992-8CBA-5D03-2633D4A5F4C8}.Debug|Any CPU.Build.0 = Debug|Any CPU
		{C78D138C-9992-8CBA-5D03-2633D4A5F4C8}.Release|Any CPU.ActiveCfg = Release|Any CPU
		{C78D138C-9992-8CBA-5D03-2633D4A5F4C8}.Release|Any CPU.Build.0 = Release|Any CPU
		{B28DAB69-5B0D-809C-5A27-837647CF9AB9}.Debug|Any CPU.ActiveCfg = Debug|Any CPU
		{B28DAB69-5B0D-809C-5A27-837647CF9AB9}.Debug|Any CPU.Build.0 = Debug|Any CPU
		{B28DAB69-5B0D-809C-5A27-837647CF9AB9}.Release|Any CPU.ActiveCfg = Release|Any CPU
		{B28DAB69-5B0D-809C-5A27-837647CF9AB9}.Release|Any CPU.Build.0 = Release|Any CPU
	EndGlobalSection
	GlobalSection(SolutionProperties) = preSolution
		HideSolutionNode = FALSE
	EndGlobalSection
																																														GlobalSection(MonoDevelopProperties) = preSolution
		StartupItem = Assembly-CSharp.csproj
		Policies = $0
		$0.TextStylePolicy = $1
		$1.inheritsSet = null
		$1.scope = text/x-csharp
		$0.CSharpFormattingPolicy = $2
		$2.inheritsSet = Mono
		$2.inheritsScope = text/x-csharp
		$2.scope = text/x-csharp
		$0.TextStylePolicy = $3
		$3.FileWidth = 120
		$3.TabWidth = 4
		$3.EolMarker = Unix
		$3.inheritsSet = Mono
		$3.inheritsScope = text/plain
		$3.scope = text/plain
	EndGlobalSection

EndGlobal
